
Microsoft Visual Studio Solution File, Format Version 11.00
# Visual Studio 2010
Project("{FAE04EC0-301F-11D3-BF4B-00C04F79EFBC}") = "WinApp", "WinApp\WinApp.csproj", "{059799B9-4732-48F0-89B7-D04EFAE54DE4}"
EndProject
Project("{FAE04EC0-301F-11D3-BF4B-00C04F79EFBC}") = "EPPlusSamples", "..\lib\EPPlus 3.1.3 sample\SampleApp\EPPlusSamples.csproj", "{06BF3C68-E7D4-4579-90BE-E36DACE564EF}"
EndProject
Project("{FAE04EC0-301F-11D3-BF4B-00C04F79EFBC}") = "WebApp", "..\WebApp\WebApp\WebApp.csproj", "{7D14D214-346B-4299-BA61-393C878A1705}"
EndProject
Global
	GlobalSection(SolutionConfigurationPlatforms) = preSolution
		Debug|Any CPU = Debug|Any CPU
		Debug|Mixed Platforms = Debug|Mixed Platforms
		Debug|x86 = Debug|x86
		Release|Any CPU = Release|Any CPU
		Release|Mixed Platforms = Release|Mixed Platforms
		Release|x86 = Release|x86
	EndGlobalSection
	GlobalSection(ProjectConfigurationPlatforms) = postSolution
		{059799B9-4732-48F0-89B7-D04EFAE54DE4}.Debug|Any CPU.ActiveCfg = Debug|x86
		{059799B9-4732-48F0-89B7-D04EFAE54DE4}.Debug|Mixed Platforms.ActiveCfg = Debug|x86
		{059799B9-4732-48F0-89B7-D04EFAE54DE4}.Debug|Mixed Platforms.Build.0 = Debug|x86
		{059799B9-4732-48F0-89B7-D04EFAE54DE4}.Debug|x86.ActiveCfg = Debug|x86
		{059799B9-4732-48F0-89B7-D04EFAE54DE4}.Debug|x86.Build.0 = Debug|x86
		{059799B9-4732-48F0-89B7-D04EFAE54DE4}.Release|Any CPU.ActiveCfg = Release|x86
		{059799B9-4732-48F0-89B7-D04EFAE54DE4}.Release|Mixed Platforms.ActiveCfg = Release|x86
		{059799B9-4732-48F0-89B7-D04EFAE54DE4}.Release|Mixed Platforms.Build.0 = Release|x86
		{059799B9-4732-48F0-89B7-D04EFAE54DE4}.Release|x86.ActiveCfg = Release|x86
		{059799B9-4732-48F0-89B7-D04EFAE54DE4}.Release|x86.Build.0 = Release|x86
		{06BF3C68-E7D4-4579-90BE-E36DACE564EF}.Debug|Any CPU.ActiveCfg = Debug|Any CPU
		{06BF3C68-E7D4-4579-90BE-E36DACE564EF}.Debug|Any CPU.Build.0 = Debug|Any CPU
		{06BF3C68-E7D4-4579-90BE-E36DACE564EF}.Debug|Mixed Platforms.ActiveCfg = Debug|Any CPU
		{06BF3C68-E7D4-4579-90BE-E36DACE564EF}.Debug|Mixed Platforms.Build.0 = Debug|Any CPU
		{06BF3C68-E7D4-4579-90BE-E36DACE564EF}.Debug|x86.ActiveCfg = Debug|Any CPU
		{06BF3C68-E7D4-4579-90BE-E36DACE564EF}.Release|Any CPU.ActiveCfg = Release|Any CPU
		{06BF3C68-E7D4-4579-90BE-E36DACE564EF}.Release|Any CPU.Build.0 = Release|Any CPU
		{06BF3C68-E7D4-4579-90BE-E36DACE564EF}.Release|Mixed Platforms.ActiveCfg = Release|Any CPU
		{06BF3C68-E7D4-4579-90BE-E36DACE564EF}.Release|Mixed Platforms.Build.0 = Release|Any CPU
		{06BF3C68-E7D4-4579-90BE-E36DACE564EF}.Release|x86.ActiveCfg = Release|Any CPU
		{7D14D214-346B-4299-BA61-393C878A1705}.Debug|Any CPU.ActiveCfg = Debug|Any CPU
		{7D14D214-346B-4299-BA61-393C878A1705}.Debug|Any CPU.Build.0 = Debug|Any CPU
		{7D14D214-346B-4299-BA61-393C878A1705}.Debug|Mixed Platforms.ActiveCfg = Debug|Any CPU
		{7D14D214-346B-4299-BA61-393C878A1705}.Debug|Mixed Platforms.Build.0 = Debug|Any CPU
		{7D14D214-346B-4299-BA61-393C878A1705}.Debug|x86.ActiveCfg = Debug|Any CPU
		{7D14D214-346B-4299-BA61-393C878A1705}.Release|Any CPU.ActiveCfg = Release|Any CPU
		{7D14D214-346B-4299-BA61-393C878A1705}.Release|Any CPU.Build.0 = Release|Any CPU
		{7D14D214-346B-4299-BA61-393C878A1705}.Release|Mixed Platforms.ActiveCfg = Release|Any CPU
		{7D14D214-346B-4299-BA61-393C878A1705}.Release|Mixed Platforms.Build.0 = Release|Any CPU
		{7D14D214-346B-4299-BA61-393C878A1705}.Release|x86.ActiveCfg = Release|Any CPU
	EndGlobalSection
	GlobalSection(SolutionProperties) = preSolution
		HideSolutionNode = FALSE
	EndGlobalSection
EndGlobal
